hash: d82babded7845eb72b3757a8e8f56b471062cadb7179f1672d9f95f56c70a717
updated: 2017-11-07T06:31:30.481663-06:00
imports:
- name: github.com/awnumar/memguard
  version: 6844db088c1e9ff46875cb87404a34e2c31622f6
  subpackages:
  - memcall
- name: github.com/aws/aws-sdk-go
  version: b9e9981b543687c6fbfd064eaa0f7b69f5fdefd7
  subpackages:
  - aws
  - aws/awserr
  - aws/awsutil
  - aws/client
  - aws/client/metadata
  - aws/corehandlers
  - aws/credentials
  - aws/credentials/ec2rolecreds
  - aws/credentials/endpointcreds
  - aws/credentials/stscreds
  - aws/defaults
  - aws/ec2metadata
  - aws/endpoints
  - aws/request
  - aws/session
  - aws/signer/v4
  - internal/shareddefaults
  - private/protocol
  - private/protocol/query
  - private/protocol/query/queryutil
  - private/protocol/rest
  - private/protocol/restxml
  - private/protocol/xml/xmlutil
  - service/s3
  - service/sts
- name: github.com/go-ini/ini
  version: f280b3ba517bf5fc98922624f21fb0e7a92adaec
- name: github.com/jmespath/go-jmespath
  version: bd40a432e4c76585ef6b72d3fd96fb9b6dc7b68d
- name: github.com/shibukawa/configdir
  version: e180dbdc8da04c4fa04272e875ce64949f38bd3e
- name: golang.org/x/crypto
  version: 687d4b818545e443c8ba223cbef20b1721afd4db
  subpackages:
  - nacl/secretbox
  - poly1305
  - salsa20/salsa
- name: golang.org/x/sys
  version: d4266bc12aae0b4128952c889b769442fce5d2f1
  subpackages:
  - unix
  - windows
testImports: []
